{
    "_meta": {
        "hash": {
            "sha256": "f6789bad2b17b9199e5ae772e1fd92f5d7477fe11d4bce190c08572769d9ea4f"
        },
        "pipfile-spec": 6,
        "requires": {
            "python_version": "3.12"
        },
        "sources": [
            {
                "name": "pypi",
                "url": "https://pypi.org/simple",
                "verify_ssl": true
            }
        ]
    },
    "default": {
        "colorama": {
            "hashes": [
                "sha256:08695f5cb7ed6e0531a20572697297273c47b8cae5a63ffc6d6ed5c201be6e44",
                "sha256:4f1d9991f5acc0ca119f9d443620b77f9d6b33703e51011c16baf57afb285fc6"
            ],
            "index": "pypi",
            "markers": "python_version >= '2.7' and python_version not in '3.0, 3.1, 3.2, 3.3, 3.4, 3.5, 3.6'",
            "version": "==0.4.6"
        },
        "coloredlogs": {
            "hashes": [
                "sha256:612ee75c546f53e92e70049c9dbfcc18c935a2b9a53b66085ce9ef6a6e5c0934",
                "sha256:7c991aa71a4577af2f82600d8f8f3a89f936baeaf9b50a9c197da014e5bf16b0"
            ],
            "index": "pypi",
            "markers": "python_version >= '2.7' and python_version not in '3.0, 3.1, 3.2, 3.3, 3.4'",
            "version": "==15.0.1"
        },
        "crcmod": {
            "hashes": [
                "sha256:50586ab48981f11e5b117523d97bb70864a2a1af246cf6e4f5c4a21ef4611cd1",
                "sha256:69a2e5c6c36d0f096a7beb4cd34e5f882ec5fd232efb710cdb85d4ff196bd52e",
                "sha256:737fb308fa2ce9aed2e29075f0d5980d4a89bfbec48a368c607c5c63b3efb90e",
                "sha256:dc7051a0db5f2bd48665a990d3ec1cc305a466a77358ca4492826f41f283601e"
            ],
            "index": "pypi",
            "version": "==1.7"
        },
        "humanfriendly": {
            "hashes": [
                "sha256:1697e1a8a8f550fd43c2865cd84542fc175a61dcb779b6fee18cf6b6ccba1477",
                "sha256:6b0b831ce8f15f7300721aa49829fc4e83921a9a301cc7f606be6686a2288ddc"
            ],
            "markers": "python_version >= '2.7' and python_version not in '3.0, 3.1, 3.2, 3.3, 3.4'",
            "version": "==10.0"
        },
        "pefile": {
            "hashes": [
                "sha256:82e6114004b3d6911c77c3953e3838654b04511b8b66e8583db70c65998017dc",
                "sha256:da185cd2af68c08a6cd4481f7325ed600a88f6a813bad9dea07ab3ef73d8d8d6"
            ],
            "markers": "python_full_version >= '3.6.0' and sys_platform == 'win32'",
            "version": "==2023.2.7"
        },
        "psutil": {
            "hashes": [
                "sha256:02b69001f44cc73c1c5279d02b30a817e339ceb258ad75997325e0e6169d8b35",
                "sha256:1287c2b95f1c0a364d23bc6f2ea2365a8d4d9b726a3be7294296ff7ba97c17f0",
                "sha256:1e7c870afcb7d91fdea2b37c24aeb08f98b6d67257a5cb0a8bc3ac68d0f1a68c",
                "sha256:21f1fb635deccd510f69f485b87433460a603919b45e2a324ad65b0cc74f8fb1",
                "sha256:33ea5e1c975250a720b3a6609c490db40dae5d83a4eb315170c4fe0d8b1f34b3",
                "sha256:34859b8d8f423b86e4385ff3665d3f4d94be3cdf48221fbe476e883514fdb71c",
                "sha256:5fd9a97c8e94059b0ef54a7d4baf13b405011176c3b6ff257c247cae0d560ecd",
                "sha256:6ec7588fb3ddaec7344a825afe298db83fe01bfaaab39155fa84cf1c0d6b13c3",
                "sha256:6ed2440ada7ef7d0d608f20ad89a04ec47d2d3ab7190896cd62ca5fc4fe08bf0",
                "sha256:8faae4f310b6d969fa26ca0545338b21f73c6b15db7c4a8d934a5482faa818f2",
                "sha256:a021da3e881cd935e64a3d0a20983bda0bb4cf80e4f74fa9bfcb1bc5785360c6",
                "sha256:a495580d6bae27291324fe60cea0b5a7c23fa36a7cd35035a16d93bdcf076b9d",
                "sha256:a9a3dbfb4de4f18174528d87cc352d1f788b7496991cca33c6996f40c9e3c92c",
                "sha256:c588a7e9b1173b6e866756dde596fd4cad94f9399daf99ad8c3258b3cb2b47a0",
                "sha256:e2e8d0054fc88153ca0544f5c4d554d42e33df2e009c4ff42284ac9ebdef4132",
                "sha256:fc8c9510cde0146432bbdb433322861ee8c3efbf8589865c8bf8d21cb30c4d14",
                "sha256:ffe7fc9b6b36beadc8c322f84e1caff51e8703b88eee1da46d1e3a6ae11b4fd0"
            ],
            "index": "pypi",
            "markers": "python_version >= '2.7' and python_version not in '3.0, 3.1, 3.2, 3.3, 3.4, 3.5'",
            "version": "==6.0.0"
        },
        "pyreadline3": {
            "hashes": [
                "sha256:6f3d1f7b8a31ba32b73917cefc1f28cc660562f39aea8646d30bd6eff21f7bae",
                "sha256:b0efb6516fd4fb07b45949053826a62fa4cb353db5be2bbb4a7aa1fdd1e345fb"
            ],
            "markers": "sys_platform == 'win32' and python_version >= '3.8'",
            "version": "==3.4.1"
        },
        "pywin32": {
            "hashes": [
                "sha256:06d3420a5155ba65f0b72f2699b5bacf3109f36acbe8923765c22938a69dfc8d",
                "sha256:1c73ea9a0d2283d889001998059f5eaaba3b6238f767c9cf2833b13e6a685f65",
                "sha256:37257794c1ad39ee9be652da0462dc2e394c8159dfd913a8a4e8eb6fd346da0e",
                "sha256:383229d515657f4e3ed1343da8be101000562bf514591ff383ae940cad65458b",
                "sha256:39b61c15272833b5c329a2989999dcae836b1eed650252ab1b7bfbe1d59f30f4",
                "sha256:5821ec52f6d321aa59e2db7e0a35b997de60c201943557d108af9d4ae1ec7040",
                "sha256:70dba0c913d19f942a2db25217d9a1b726c278f483a919f1abfed79c9cf64d3a",
                "sha256:72c5f621542d7bdd4fdb716227be0dd3f8565c11b280be6315b06ace35487d36",
                "sha256:84f4471dbca1887ea3803d8848a1616429ac94a4a8d05f4bc9c5dcfd42ca99c8",
                "sha256:a7639f51c184c0272e93f244eb24dafca9b1855707d94c192d4a0b4c01e1100e",
                "sha256:e25fd5b485b55ac9c057f67d94bc203f3f6595078d1fb3b458c9c28b7153a802",
                "sha256:e4c092e2589b5cf0d365849e73e02c391c1349958c5ac3e9d5ccb9a28e017b3a",
                "sha256:e65028133d15b64d2ed8f06dd9fbc268352478d4f9289e69c190ecd6818b6407",
                "sha256:e8ac1ae3601bee6ca9f7cb4b5363bf1c0badb935ef243c4733ff9a393b1690c0"
            ],
            "version": "==306"
        },
        "pywin32-ctypes": {
            "hashes": [
                "sha256:3426e063bdd5fd4df74a14fa3cf80a0b42845a87e1d1e81f6549f9daec593a60",
                "sha256:bf490a1a709baf35d688fe0ecf980ed4de11d2b3e37b51e5442587a75d9957e7"
            ],
            "markers": "python_version >= '3.6' and sys_platform == 'win32'",
            "version": "==0.2.2"
        },
        "setuptools": {
            "hashes": [
                "sha256:5a03e1860cf56bb6ef48ce186b0e557fdba433237481a9a625176c2831be15d1",
                "sha256:8d243eff56d095e5817f796ede6ae32941278f542e0f941867cc05ae52b162ec"
            ],
            "index": "pypi",
            "markers": "python_version >= '3.8'",
            "version": "==72.1.0"
        },
        "tinyaes": {
            "hashes": [
                "sha256:0164695cbe6821f5e754f004e7fadb3ddbf063762cda1356fa744079d597a967",
                "sha256:024adae289543b3c587fb17ac993076041395ac8442907c5d8d3837ef8ee3c4a",
                "sha256:069815f48b2ce91f4334c61473b855f2a76883aef13f25f2b2ca2fe776abd9e6",
                "sha256:0c732376af4bf5c86aa327bec1bf42cdc4cc8e48e1032a94129a91e3941a0301",
                "sha256:0e5d8c95de7decb43105c5a092939209304cca48b31e747fad51f9c80b7380fe",
                "sha256:10ab5921cd113dd825d2af0ae49e5943e56c04562958b8d09fedd5212ee29d45",
                "sha256:1c5fdce6418f5efa3023d2ea8f959d2c22d1f95db57ca78d5e3ca5623e823ab9",
                "sha256:1f33298097674331f39930ba8681cca4d949b46866317940acdd2b21da3240a5",
                "sha256:356d95134a4b6766e2d83cec050108e8e12230c8e197d95bfbd30f2734eac3e9",
                "sha256:3efd48cd98e2c21d28fb2b8a84683c8bf26f1a86a9dc8da9a9de94f9583168de",
                "sha256:58148f6fca9c60efd318e3738989a54ba354f5cc52250a6814e1390e7869c5b7",
                "sha256:591af2c0fdcd0e86392d6b04c1c496c7c4c704a246ce40a4e9dfaf8951649ae5",
                "sha256:5d923960ae2049304d006ddef57b57f02e5c1cd0fd3ab9d90aeda985357bdd6a",
                "sha256:7c336f7244c05d286f29eeaad94210b402b306fb4c064f3b8fe3f3809b2cd432",
                "sha256:876f33903b835bf3a307b288351e4ca988150582ca71471698252320137af35d",
                "sha256:9431cbf3993d4e43c270c79795c8e46c1dffa543fb43cc7546ad1a860fab2672",
                "sha256:9d73ddd6db3d37e16c570324b4ddc633d775caf81681542221a8be2a8bb69de2",
                "sha256:9f4c2a4b1292df22123363d5861df6f6e9e44462960f4590093427dab577ba4d",
                "sha256:a315522ade4900e7a59e25fb17041671fe48d894037b5aa7d2bfcf11f07f5d53",
                "sha256:a39a34d01d4d29fd661cad66d7439812db064e7a71d0a638173400cabcfe99ad",
                "sha256:a825b1ab966c54d90593bae30a83a1548dfe347934f8a4e78d8f43fa42960835",
                "sha256:bfc353536554e0a0dee5a3eed0fd4006bdc97e52b811ac937023b09b74c2bea0",
                "sha256:c5507897134855b59dd2f4e5267746d20487379a3a7b4df4421e5eba3248a826",
                "sha256:c6d750ac1b8fc2bd63e8535ee6a1c9dabc3d88e56f8e31cca0b48b31a79ddc1f",
                "sha256:d0a6bd418823cde8c8a751b40ee88182637fff9723811db25b8cc5bbb25eb979",
                "sha256:d0bad6e283b33376cf4e214c5b1582768deef606ed41f09220469764640dea18",
                "sha256:d4e82a1e903c83ab677feddaec41c89a260026812c391fdb06269e57dbdb5abb",
                "sha256:ece6f78b5fa85a8d6d345f1df2a85fcdc765f42ff046a96ecb67d96afad23330",
                "sha256:f733eae946da475f37c4c68e8ae4b9deded0212e399680b58e87c97fd34ac956"
            ],
            "index": "pypi",
            "version": "==1.1.0"
        },
        "verboselogs": {
            "hashes": [
                "sha256:d63f23bf568295b95d3530c6864a0b580cec70e7ff974177dead1e4ffbc6ff49",
                "sha256:e33ddedcdfdafcb3a174701150430b11b46ceb64c2a9a26198c76a156568e427"
            ],
            "index": "pypi",
            "version": "==1.7"
        }
    },
    "develop": {
        "black": {
            "hashes": [
                "sha256:09cdeb74d494ec023ded657f7092ba518e8cf78fa8386155e4a03fdcc44679e6",
                "sha256:1f13f7f386f86f8121d76599114bb8c17b69d962137fc70efe56137727c7047e",
                "sha256:2500945420b6784c38b9ee885af039f5e7471ef284ab03fa35ecdde4688cd83f",
                "sha256:2b59b250fdba5f9a9cd9d0ece6e6d993d91ce877d121d161e4698af3eb9c1018",
                "sha256:3c4285573d4897a7610054af5a890bde7c65cb466040c5f0c8b732812d7f0e5e",
                "sha256:505289f17ceda596658ae81b61ebbe2d9b25aa78067035184ed0a9d855d18afd",
                "sha256:62e8730977f0b77998029da7971fa896ceefa2c4c4933fcd593fa599ecbf97a4",
                "sha256:649f6d84ccbae73ab767e206772cc2d7a393a001070a4c814a546afd0d423aed",
                "sha256:6e55d30d44bed36593c3163b9bc63bf58b3b30e4611e4d88a0c3c239930ed5b2",
                "sha256:707a1ca89221bc8a1a64fb5e15ef39cd755633daa672a9db7498d1c19de66a42",
                "sha256:72901b4913cbac8972ad911dc4098d5753704d1f3c56e44ae8dce99eecb0e3af",
                "sha256:73bbf84ed136e45d451a260c6b73ed674652f90a2b3211d6a35e78054563a9bb",
                "sha256:7c046c1d1eeb7aea9335da62472481d3bbf3fd986e093cffd35f4385c94ae368",
                "sha256:81c6742da39f33b08e791da38410f32e27d632260e599df7245cccee2064afeb",
                "sha256:837fd281f1908d0076844bc2b801ad2d369c78c45cf800cad7b61686051041af",
                "sha256:972085c618ee94f402da1af548a4f218c754ea7e5dc70acb168bfaca4c2542ed",
                "sha256:9e84e33b37be070ba135176c123ae52a51f82306def9f7d063ee302ecab2cf47",
                "sha256:b19c9ad992c7883ad84c9b22aaa73562a16b819c1d8db7a1a1a49fb7ec13c7d2",
                "sha256:d6417535d99c37cee4091a2f24eb2b6d5ec42b144d50f1f2e436d9fe1916fe1a",
                "sha256:eab4dd44ce80dea27dc69db40dab62d4ca96112f87996bca68cd75639aeb2e4c",
                "sha256:f490dbd59680d809ca31efdae20e634f3fae27fba3ce0ba3208333b713bc3920",
                "sha256:fb6e2c0b86bbd43dee042e48059c9ad7830abd5c94b0bc518c0eeec57c3eddc1"
            ],
            "index": "pypi",
            "markers": "python_version >= '3.8'",
            "version": "==24.8.0"
        },
        "click": {
            "hashes": [
                "sha256:ae74fb96c20a0277a1d615f1e4d73c8414f5a98db8b799a7931d1582f3390c28",
                "sha256:ca9853ad459e787e2192211578cc907e7594e294c7ccc834310722b41b9ca6de"
            ],
            "markers": "python_version >= '3.7'",
            "version": "==8.1.7"
        },
        "colorama": {
            "hashes": [
                "sha256:08695f5cb7ed6e0531a20572697297273c47b8cae5a63ffc6d6ed5c201be6e44",
                "sha256:4f1d9991f5acc0ca119f9d443620b77f9d6b33703e51011c16baf57afb285fc6"
            ],
            "index": "pypi",
            "markers": "python_version >= '2.7' and python_version not in '3.0, 3.1, 3.2, 3.3, 3.4, 3.5, 3.6'",
            "version": "==0.4.6"
        },
        "iniconfig": {
            "hashes": [
                "sha256:2d91e135bf72d31a410b17c16da610a82cb55f6b0477d1a902134b24a455b8b3",
                "sha256:b6a85871a79d2e3b22d2d1b94ac2824226a63c6b741c88f7ae975f18b6778374"
            ],
            "markers": "python_version >= '3.7'",
            "version": "==2.0.0"
        },
        "mypy-extensions": {
            "hashes": [
                "sha256:4392f6c0eb8a5668a69e23d168ffa70f0be9ccfd32b5cc2d26a34ae5b844552d",
                "sha256:75dbf8955dc00442a438fc4d0666508a9a97b6bd41aa2f0ffe9d2f2725af0782"
            ],
            "markers": "python_version >= '3.5'",
            "version": "==1.0.0"
        },
        "packaging": {
            "hashes": [
                "sha256:026ed72c8ed3fcce5bf8950572258698927fd1dbda10a5e981cdf0ac37f4f002",
                "sha256:5b8f2217dbdbd2f7f384c41c628544e6d52f2d0f53c6d0c3ea61aa5d1d7ff124"
            ],
            "markers": "python_version >= '3.8'",
            "version": "==24.1"
        },
        "pathspec": {
            "hashes": [
                "sha256:a0d503e138a4c123b27490a4f7beda6a01c6f288df0e4a8b79c7eb0dc7b4cc08",
                "sha256:a482d51503a1ab33b1c67a6c3813a26953dbdc71c31dacaef9a838c4e29f5712"
            ],
            "markers": "python_version >= '3.8'",
            "version": "==0.12.1"
        },
        "platformdirs": {
            "hashes": [
                "sha256:2d7a1657e36a80ea911db832a8a6ece5ee53d8de21edd5cc5879af6530b1bfee",
                "sha256:38b7b51f512eed9e84a22788b4bce1de17c0adb134d6becb09836e37d8654cd3"
            ],
            "markers": "python_version >= '3.8'",
            "version": "==4.2.2"
        },
        "pluggy": {
            "hashes": [
                "sha256:2cffa88e94fdc978c4c574f15f9e59b7f4201d439195c3715ca9e2486f1d0cf1",
                "sha256:44e1ad92c8ca002de6377e165f3e0f1be63266ab4d554740532335b9d75ea669"
            ],
            "markers": "python_version >= '3.8'",
            "version": "==1.5.0"
        },
        "pytest": {
            "hashes": [
                "sha256:4ba08f9ae7dcf84ded419494d229b48d0903ea6407b030eaec46df5e6a73bba5",
                "sha256:c132345d12ce551242c87269de812483f5bcc87cdbb4722e48487ba194f9fdce"
            ],
            "index": "pypi",
            "markers": "python_version >= '3.8'",
            "version": "==8.3.2"
        },
        "ruff": {
            "hashes": [
                "sha256:07c9e3c2a8e1fe377dd460371c3462671a728c981c3205a5217291422209f642",
                "sha256:111a99cdb02f69ddb2571e2756e017a1496c2c3a2aeefe7b988ddab38b416d36",
                "sha256:1f77c1c3aa0669fb230b06fb24ffa3e879391a3ba3f15e3d633a752da5a3e670",
                "sha256:4d394940f61f7720ad371ddedf14722ee1d6250fd8d020f5ea5a86e7be217daf",
                "sha256:563a7ae61ad284187d3071d9041c08019975693ff655438d8d4be26e492760bd",
                "sha256:57c6c0dd997b31b536bff49b9eee5ed3194d60605a4427f735eeb1f9c1b8d264",
                "sha256:80521b88d26a45e871f31e4b88938fd87db7011bb961d8afd2664982dfc3641a",
                "sha256:94fe60869bfbf0521e04fd62b74cbca21cbc5beb67cbb75ab33fe8c174f54414",
                "sha256:a0ef5930799a05522985b9cec8290b185952f3fcd86c1772c3bdbd732667fdcd",
                "sha256:b652dc14f6ef5d1552821e006f747802cc32d98d5509349e168f6bf0ee9f8f42",
                "sha256:c476acb43c3c51e3c614a2e878ee1589655fa02dab19fe2db0423a06d6a5b1b6",
                "sha256:c94e084ba3eaa80c2172918c2ca2eb2230c3f15925f4ed8b6297260c6ef179ad",
                "sha256:d7fe7dccb1a89dc66785d7aa0ac283b2269712d8ed19c63af908fdccca5ccc1a",
                "sha256:d9bc8f328a9f1309ae80e4d392836e7dbc77303b38ed4a7112699e63d3b066ab",
                "sha256:e2ff8003f5252fd68425fd53d27c1f08b201d7ed714bb31a55c9ac1d4c13e2eb",
                "sha256:e395daba77a79f6dc0d07311f94cc0560375ca20c06f354c7c99af3bf4560c5d",
                "sha256:e6a584c1de6f8591c2570e171cc7ce482bb983d49c70ddf014393cd39e9dfaed",
                "sha256:f908148c93c02873210a52cad75a6eda856b2cbb72250370ce3afef6fb99b1ed"
            ],
            "index": "pypi",
            "markers": "python_version >= '3.7'",
            "version": "==0.5.6"
        }
    }
}
